{
  "name": "berkeley-class-site",
  "version": "1.0.0",
  "lockfileVersion": 3,
  "requires": true,
  "packages": {
    "": {
      "name": "berkeley-class-site",
      "version": "1.0.0",
      "hasInstallScript": true,
      "license": "ISC",
      "dependencies": {
        "@fullcalendar/core": "^6.1.19",
        "@fullcalendar/icalendar": "^6.1.19",
        "@fullcalendar/timegrid": "^6.1.19",
        "@fullcalendar/web-component": "^6.1.19",
        "fullcalendar": "^6.1.19"
      }
    },
    "node_modules/@fullcalendar/core": {
      "version": "6.1.19",
      "resolved": "https://registry.npmjs.org/@fullcalendar/core/-/core-6.1.19.tgz",
      "integrity": "sha512-z0aVlO5e4Wah6p6mouM0UEqtRf1MZZPt4mwzEyU6kusaNL+dlWQgAasF2cK23hwT4cmxkEmr4inULXgpyeExdQ==",
      "license": "MIT",
      "dependencies": {
        "preact": "~10.12.1"
      }
    },
    "node_modules/@fullcalendar/daygrid": {
      "version": "6.1.19",
      "resolved": "https://registry.npmjs.org/@fullcalendar/daygrid/-/daygrid-6.1.19.tgz",
      "integrity": "sha512-IAAfnMICnVWPjpT4zi87i3FEw0xxSza0avqY/HedKEz+l5MTBYvCDPOWDATpzXoLut3aACsjktIyw9thvIcRYQ==",
      "license": "MIT",
      "peerDependencies": {
        "@fullcalendar/core": "~6.1.19"
      }
    },
    "node_modules/@fullcalendar/icalendar": {
      "version": "6.1.19",
      "resolved": "https://registry.npmjs.org/@fullcalendar/icalendar/-/icalendar-6.1.19.tgz",
      "integrity": "sha512-uaJnTP99cM2ZiFmYaSLfayX9TmF0DklIf2SpgwMDCMEqtNYm+TbCotDUrfMDWVFYPr4uCHk0TjlM5mS3U3wB9g==",
      "license": "MIT",
      "peerDependencies": {
        "@fullcalendar/core": "~6.1.19",
        "ical.js": "^1.4.0"
      }
    },
    "node_modules/@fullcalendar/interaction": {
      "version": "6.1.19",
      "resolved": "https://registry.npmjs.org/@fullcalendar/interaction/-/interaction-6.1.19.tgz",
      "integrity": "sha512-GOciy79xe8JMVp+1evAU3ytdwN/7tv35t5i1vFkifiuWcQMLC/JnLg/RA2s4sYmQwoYhTw/p4GLcP0gO5B3X5w==",
      "license": "MIT",
      "peerDependencies": {
        "@fullcalendar/core": "~6.1.19"
      }
    },
    "node_modules/@fullcalendar/list": {
      "version": "6.1.19",
      "resolved": "https://registry.npmjs.org/@fullcalendar/list/-/list-6.1.19.tgz",
      "integrity": "sha512-knZHpAVF0LbzZpSJSUmLUUzF0XlU/MRGK+Py2s0/mP93bCtno1k2L3XPs/kzh528hSjehwLm89RgKTSfW1P6cA==",
      "license": "MIT",
      "peerDependencies": {
        "@fullcalendar/core": "~6.1.19"
      }
    },
    "node_modules/@fullcalendar/multimonth": {
      "version": "6.1.19",
      "resolved": "https://registry.npmjs.org/@fullcalendar/multimonth/-/multimonth-6.1.19.tgz",
      "integrity": "sha512-YYP8o/tjNLFRKhelwiq5ja3Jm3WDf3bfOUHf32JvAWwfotCvZjD7tYv66Nj02mQ8OWWJINa2EQGJxFHgIs14aA==",
      "license": "MIT",
      "dependencies": {
        "@fullcalendar/daygrid": "~6.1.19"
      },
      "peerDependencies": {
        "@fullcalendar/core": "~6.1.19"
      }
    },
    "node_modules/@fullcalendar/timegrid": {
      "version": "6.1.19",
      "resolved": "https://registry.npmjs.org/@fullcalendar/timegrid/-/timegrid-6.1.19.tgz",
      "integrity": "sha512-OuzpUueyO9wB5OZ8rs7TWIoqvu4v3yEqdDxZ2VcsMldCpYJRiOe7yHWKr4ap5Tb0fs7Rjbserc/b6Nt7ol6BRg==",
      "license": "MIT",
      "dependencies": {
        "@fullcalendar/daygrid": "~6.1.19"
      },
      "peerDependencies": {
        "@fullcalendar/core": "~6.1.19"
      }
    },
    "node_modules/@fullcalendar/web-component": {
      "version": "6.1.19",
      "resolved": "https://registry.npmjs.org/@fullcalendar/web-component/-/web-component-6.1.19.tgz",
      "integrity": "sha512-DwMVSf2MjmRtY9XN3oc4bNoykgt7frtlv+xS2pCf0AKUYyhs3wObpAQAS/JFCfVXN7w/dylfxtNOSm0VwK1aKg==",
      "license": "MIT",
      "peerDependencies": {
        "@fullcalendar/core": "~6.1.19"
      }
    },
    "node_modules/fullcalendar": {
      "version": "6.1.19",
      "resolved": "https://registry.npmjs.org/fullcalendar/-/fullcalendar-6.1.19.tgz",
      "integrity": "sha512-/DsMLYyU1kdOVojaV+ITNH2cHlHtyt6X3m4P6hhH0kwfHZpQbXajJnDbnFIufu/BdE9YcknMRPJj3R7FbPkg1A==",
      "license": "MIT",
      "dependencies": {
        "@fullcalendar/core": "~6.1.19",
        "@fullcalendar/daygrid": "~6.1.19",
        "@fullcalendar/interaction": "~6.1.19",
        "@fullcalendar/list": "~6.1.19",
        "@fullcalendar/multimonth": "~6.1.19",
        "@fullcalendar/timegrid": "~6.1.19"
      }
    },
    "node_modules/ical.js": {
      "version": "1.5.0",
      "resolved": "https://registry.npmjs.org/ical.js/-/ical.js-1.5.0.tgz",
      "integrity": "sha512-7ZxMkogUkkaCx810yp0ZGKvq1ZpRgJeornPttpoxe6nYZ3NLesZe1wWMXDdwTkj/b5NtXT+Y16Aakph/ao98ZQ==",
      "license": "MPL-2.0",
      "peer": true
    },
    "node_modules/preact": {
      "version": "10.12.1",
      "resolved": "https://registry.npmjs.org/preact/-/preact-10.12.1.tgz",
      "integrity": "sha512-l8386ixSsBdbreOAkqtrwqHwdvR35ID8c3rKPa8lCWuO86dBi32QWHV4vfsZK1utLLFMvw+Z5Ad4XLkZzchscg==",
      "license": "MIT",
      "funding": {
        "type": "opencollective",
        "url": "https://opencollective.com/preact"
      }
    }
  }
}
